{
  "version": 4,
  "terraform_version": "0.14.6",
  "serial": 3,
  "lineage": "0a99a076-317f-2cb3-debb-fef666657de9",
  "outputs": {
    "dbs_details": {
      "value": {
        "availability_domain": "GqIF:PHX-AD-1",
        "backup_network_nsg_ids": null,
        "backup_subnet_id": null,
        "cluster_name": null,
        "compartment_id": "ocid1.compartment.oc1..aaaaaaaa2msdfh2g3n4s6fadsvl2thelw5gtnwhbcsqwcgfg2hcsk7mjc3ya",
        "cpu_core_count": 4,
        "data_storage_percentage": 80,
        "data_storage_size_in_gb": 256,
        "database_edition": "ENTERPRISE_EDITION_EXTREME_PERFORMANCE",
        "db_home": [
          {
            "database": [
              {
                "admin_password": "JamesBond007_123#",
                "backup_id": "",
                "backup_tde_password": "",
                "character_set": "AL32UTF8",
                "connection_strings": [
                  {
                    "all_connection_strings": {
                      "cdbDefault": "rddbs.sub01161048400.rdphxnetwork.oraclevcn.com:1521/rddb_phx1k7.sub01161048400.rdphxnetwork.oraclevcn.com",
                      "cdbIpDefault": "(DESCRIPTION=(CONNECT_TIMEOUT=5)(TRANSPORT_CONNECT_TIMEOUT=3)(RETRY_COUNT=3)(ADDRESS_LIST=(LOAD_BALANCE=on)(ADDRESS=(PROTOCOL=TCP)(HOST=10.0.0.228)(PORT=1521)))(CONNECT_DATA=(SERVICE_NAME=rddb_phx1k7.sub01161048400.rdphxnetwork.oraclevcn.com)))"
                    },
                    "cdb_default": "rddbs.sub01161048400.rdphxnetwork.oraclevcn.com:1521/rddb_phx1k7.sub01161048400.rdphxnetwork.oraclevcn.com",
                    "cdb_ip_default": "(DESCRIPTION=(CONNECT_TIMEOUT=5)(TRANSPORT_CONNECT_TIMEOUT=3)(RETRY_COUNT=3)(ADDRESS_LIST=(LOAD_BALANCE=on)(ADDRESS=(PROTOCOL=TCP)(HOST=10.0.0.228)(PORT=1521)))(CONNECT_DATA=(SERVICE_NAME=rddb_phx1k7.sub01161048400.rdphxnetwork.oraclevcn.com)))"
                  }
                ],
                "database_id": "",
                "database_software_image_id": "",
                "db_backup_config": [
                  {
                    "auto_backup_enabled": true,
                    "auto_backup_window": "SLOT_TWO",
                    "backup_destination_details": [],
                    "recovery_window_in_days": 7
                  }
                ],
                "db_domain": "",
                "db_name": "rddb",
                "db_unique_name": "rddb_phx1k7",
                "db_workload": "OLTP",
                "defined_tags": {
                  "Oracle-Tags.CreatedBy": "ocid1.instance.oc1.iad.anuwcljtwe6j4fqcwmnpb74fspzkbiwiyc3eldk4ht4cokkcboxzpyv26afa",
                  "Oracle-Tags.CreatedOn": "2021-02-11T10:32:01.041Z"
                },
                "freeform_tags": {},
                "id": "ocid1.database.oc1.phx.abyhqljrqfn5pewiv7op2kbyczsrcgxisi6npz5dmlqtb4ol3zxkmqoxndbq",
                "lifecycle_details": "",
                "ncharacter_set": "AL16UTF16",
                "pdb_name": "pdb1",
                "state": "AVAILABLE",
                "tde_wallet_password": "",
                "time_created": "2021-02-11 10:32:01.392 +0000 UTC",
                "time_stamp_for_point_in_time_recovery": ""
              }
            ],
            "database_software_image_id": "",
            "db_home_location": "",
            "db_version": "19.9.0.0.0",
            "defined_tags": {},
            "display_name": "rddbhome",
            "freeform_tags": {},
            "id": "ocid1.dbhome.oc1.phx.abyhqljrviqtkwsefute4u5om5tuxrepug4eefupypo2jwskokzjl62pmh2q",
            "last_patch_history_entry_id": "",
            "lifecycle_details": "",
            "state": "AVAILABLE",
            "time_created": "2021-02-11 10:32:01.391 +0000 UTC"
          }
        ],
        "db_system_options": [
          {
            "storage_management": "ASM"
          }
        ],
        "defined_tags": {
          "Oracle-Tags.CreatedBy": "ocid1.instance.oc1.iad.anuwcljtwe6j4fqcwmnpb74fspzkbiwiyc3eldk4ht4cokkcboxzpyv26afa",
          "Oracle-Tags.CreatedOn": "2021-02-11T10:32:00.044Z"
        },
        "disk_redundancy": "HIGH",
        "display_name": "RD-DBS",
        "domain": "sub01161048400.rdphxnetwork.oraclevcn.com",
        "fault_domains": [
          "FAULT-DOMAIN-3"
        ],
        "freeform_tags": {},
        "hostname": "rddbs",
        "id": "ocid1.dbsystem.oc1.phx.abyhqljrqkrzety3tvtpbhzo7mjrafcfln7noj2ozwfgyglnytx4nrs7jzeq",
        "iorm_config_cache": [],
        "kms_key_id": null,
        "kms_key_version_id": null,
        "last_maintenance_run_id": null,
        "last_patch_history_entry_id": null,
        "license_model": "LICENSE_INCLUDED",
        "lifecycle_details": null,
        "listener_port": 1521,
        "maintenance_window": [],
        "maintenance_window_details": [],
        "next_maintenance_run_id": null,
        "node_count": 1,
        "nsg_ids": null,
        "point_in_time_data_disk_clone_timestamp": null,
        "private_ip": null,
        "reco_storage_size_in_gb": 256,
        "scan_dns_record_id": "ocid1.vcndnsrecord.oc1.phx.abyhqljrndmxkoe4tjys73gyfqiozp7gxu5na3g3aem3kaxcsn77ow65ajba",
        "scan_ip_ids": [],
        "shape": "VM.Standard2.4",
        "source": "NONE",
        "source_db_system_id": null,
        "sparse_diskgroup": null,
        "ssh_public_keys": [
          "ssh-rsa AAAAB3NzaC1yc2EAAAADAQABAAABAQC96kMjy8kLiU3PvUqn/PlFpVGq9VyeiFNphp3u3wf+JJUlxlh4USLC8KM2X2ZF5630s3hXoFMC2fE+7GtAAxdCAM0WkekJO0NO59fMMKy2/ZcKMxUANhw3nTo/1HUF5VOrWMOSNaLBP7O3WOq7tfs6vNbyM9wcXQmrOfKS0iKkKe+O5Q1K0RGKpuW48xUmLTCXeaX7t6ovZpXuTKj8QtSxRTuMUolQyJqr05fdux19lt3m9cnzv2TS/cYVCKOjp715A3mONOJi7izkiTQyggEIZpeQ9ohu6yXOzSUUpHifCyPNvjjt92dRR4es2dp9Xjnn09bYSDltMgA8D/vzQckn"
        ],
        "state": "AVAILABLE",
        "subnet_id": "ocid1.subnet.oc1.phx.aaaaaaaaypsgfwx3tnkgweu2e5djazooagapt36pj6hfl7pdhpanaqtw2v4a",
        "time_created": "2021-02-11 10:32:01.388 +0000 UTC",
        "time_zone": "Asia/Calcutta",
        "timeouts": {
          "create": "3h",
          "delete": "2h",
          "update": null
        },
        "version": "19.9.0.0.0",
        "vip_ids": []
      },
      "type": [
        "object",
        {
          "availability_domain": "string",
          "backup_network_nsg_ids": [
            "set",
            "string"
          ],
          "backup_subnet_id": "string",
          "cluster_name": "string",
          "compartment_id": "string",
          "cpu_core_count": "number",
          "data_storage_percentage": "number",
          "data_storage_size_in_gb": "number",
          "database_edition": "string",
          "db_home": [
            "list",
            [
              "object",
              {
                "database": [
                  "list",
                  [
                    "object",
                    {
                      "admin_password": "string",
                      "backup_id": "string",
                      "backup_tde_password": "string",
                      "character_set": "string",
                      "connection_strings": [
                        "list",
                        [
                          "object",
                          {
                            "all_connection_strings": [
                              "map",
                              "string"
                            ],
                            "cdb_default": "string",
                            "cdb_ip_default": "string"
                          }
                        ]
                      ],
                      "database_id": "string",
                      "database_software_image_id": "string",
                      "db_backup_config": [
                        "list",
                        [
                          "object",
                          {
                            "auto_backup_enabled": "bool",
                            "auto_backup_window": "string",
                            "backup_destination_details": [
                              "list",
                              [
                                "object",
                                {
                                  "id": "string",
                                  "type": "string"
                                }
                              ]
                            ],
                            "recovery_window_in_days": "number"
                          }
                        ]
                      ],
                      "db_domain": "string",
                      "db_name": "string",
                      "db_unique_name": "string",
                      "db_workload": "string",
                      "defined_tags": [
                        "map",
                        "string"
                      ],
                      "freeform_tags": [
                        "map",
                        "string"
                      ],
                      "id": "string",
                      "lifecycle_details": "string",
                      "ncharacter_set": "string",
                      "pdb_name": "string",
                      "state": "string",
                      "tde_wallet_password": "string",
                      "time_created": "string",
                      "time_stamp_for_point_in_time_recovery": "string"
                    }
                  ]
                ],
                "database_software_image_id": "string",
                "db_home_location": "string",
                "db_version": "string",
                "defined_tags": [
                  "map",
                  "string"
                ],
                "display_name": "string",
                "freeform_tags": [
                  "map",
                  "string"
                ],
                "id": "string",
                "last_patch_history_entry_id": "string",
                "lifecycle_details": "string",
                "state": "string",
                "time_created": "string"
              }
            ]
          ],
          "db_system_options": [
            "list",
            [
              "object",
              {
                "storage_management": "string"
              }
            ]
          ],
          "defined_tags": [
            "map",
            "string"
          ],
          "disk_redundancy": "string",
          "display_name": "string",
          "domain": "string",
          "fault_domains": [
            "list",
            "string"
          ],
          "freeform_tags": [
            "map",
            "string"
          ],
          "hostname": "string",
          "id": "string",
          "iorm_config_cache": [
            "list",
            [
              "object",
              {
                "db_plans": [
                  "list",
                  [
                    "object",
                    {
                      "db_name": "string",
                      "flash_cache_limit": "string",
                      "share": "number"
                    }
                  ]
                ],
                "db_system_id": "string",
                "lifecycle_details": "string",
                "objective": "string",
                "state": "string"
              }
            ]
          ],
          "kms_key_id": "string",
          "kms_key_version_id": "string",
          "last_maintenance_run_id": "string",
          "last_patch_history_entry_id": "string",
          "license_model": "string",
          "lifecycle_details": "string",
          "listener_port": "number",
          "maintenance_window": [
            "list",
            [
              "object",
              {
                "days_of_week": [
                  "list",
                  [
                    "object",
                    {
                      "name": "string"
                    }
                  ]
                ],
                "hours_of_day": [
                  "list",
                  "number"
                ],
                "lead_time_in_weeks": "number",
                "months": [
                  "list",
                  [
                    "object",
                    {
                      "name": "string"
                    }
                  ]
                ],
                "preference": "string",
                "weeks_of_month": [
                  "list",
                  "number"
                ]
              }
            ]
          ],
          "maintenance_window_details": [
            "list",
            [
              "object",
              {
                "days_of_week": [
                  "list",
                  [
                    "object",
                    {
                      "name": "string"
                    }
                  ]
                ],
                "hours_of_day": [
                  "list",
                  "number"
                ],
                "lead_time_in_weeks": "number",
                "months": [
                  "list",
                  [
                    "object",
                    {
                      "name": "string"
                    }
                  ]
                ],
                "preference": "string",
                "weeks_of_month": [
                  "list",
                  "number"
                ]
              }
            ]
          ],
          "next_maintenance_run_id": "string",
          "node_count": "number",
          "nsg_ids": [
            "set",
            "string"
          ],
          "point_in_time_data_disk_clone_timestamp": "string",
          "private_ip": "string",
          "reco_storage_size_in_gb": "number",
          "scan_dns_record_id": "string",
          "scan_ip_ids": [
            "list",
            "string"
          ],
          "shape": "string",
          "source": "string",
          "source_db_system_id": "string",
          "sparse_diskgroup": "bool",
          "ssh_public_keys": [
            "set",
            "string"
          ],
          "state": "string",
          "subnet_id": "string",
          "time_created": "string",
          "time_zone": "string",
          "timeouts": [
            "object",
            {
              "create": "string",
              "delete": "string",
              "update": "string"
            }
          ],
          "version": "string",
          "vip_ids": [
            "list",
            "string"
          ]
        }
      ]
    }
  },
  "resources": [
    {
      "mode": "managed",
      "type": "oci_database_db_system",
      "name": "createdbs",
      "provider": "provider[\"registry.terraform.io/hashicorp/oci\"]",
      "instances": [
        {
          "schema_version": 0,
          "attributes": {
            "availability_domain": "GqIF:PHX-AD-1",
            "backup_network_nsg_ids": null,
            "backup_subnet_id": null,
            "cluster_name": null,
            "compartment_id": "ocid1.compartment.oc1..aaaaaaaa2msdfh2g3n4s6fadsvl2thelw5gtnwhbcsqwcgfg2hcsk7mjc3ya",
            "cpu_core_count": 4,
            "data_storage_percentage": 80,
            "data_storage_size_in_gb": 256,
            "database_edition": "ENTERPRISE_EDITION_EXTREME_PERFORMANCE",
            "db_home": [
              {
                "database": [
                  {
                    "admin_password": "JamesBond007_123#",
                    "backup_id": "",
                    "backup_tde_password": "",
                    "character_set": "AL32UTF8",
                    "connection_strings": [
                      {
                        "all_connection_strings": {
                          "cdbDefault": "rddbs.sub01161048400.rdphxnetwork.oraclevcn.com:1521/rddb_phx1k7.sub01161048400.rdphxnetwork.oraclevcn.com",
                          "cdbIpDefault": "(DESCRIPTION=(CONNECT_TIMEOUT=5)(TRANSPORT_CONNECT_TIMEOUT=3)(RETRY_COUNT=3)(ADDRESS_LIST=(LOAD_BALANCE=on)(ADDRESS=(PROTOCOL=TCP)(HOST=10.0.0.228)(PORT=1521)))(CONNECT_DATA=(SERVICE_NAME=rddb_phx1k7.sub01161048400.rdphxnetwork.oraclevcn.com)))"
                        },
                        "cdb_default": "rddbs.sub01161048400.rdphxnetwork.oraclevcn.com:1521/rddb_phx1k7.sub01161048400.rdphxnetwork.oraclevcn.com",
                        "cdb_ip_default": "(DESCRIPTION=(CONNECT_TIMEOUT=5)(TRANSPORT_CONNECT_TIMEOUT=3)(RETRY_COUNT=3)(ADDRESS_LIST=(LOAD_BALANCE=on)(ADDRESS=(PROTOCOL=TCP)(HOST=10.0.0.228)(PORT=1521)))(CONNECT_DATA=(SERVICE_NAME=rddb_phx1k7.sub01161048400.rdphxnetwork.oraclevcn.com)))"
                      }
                    ],
                    "database_id": "",
                    "database_software_image_id": "",
                    "db_backup_config": [
                      {
                        "auto_backup_enabled": true,
                        "auto_backup_window": "SLOT_TWO",
                        "backup_destination_details": [],
                        "recovery_window_in_days": 7
                      }
                    ],
                    "db_domain": "",
                    "db_name": "rddb",
                    "db_unique_name": "rddb_phx1k7",
                    "db_workload": "OLTP",
                    "defined_tags": {
                      "Oracle-Tags.CreatedBy": "ocid1.instance.oc1.iad.anuwcljtwe6j4fqcwmnpb74fspzkbiwiyc3eldk4ht4cokkcboxzpyv26afa",
                      "Oracle-Tags.CreatedOn": "2021-02-11T10:32:01.041Z"
                    },
                    "freeform_tags": {},
                    "id": "ocid1.database.oc1.phx.abyhqljrqfn5pewiv7op2kbyczsrcgxisi6npz5dmlqtb4ol3zxkmqoxndbq",
                    "lifecycle_details": "",
                    "ncharacter_set": "AL16UTF16",
                    "pdb_name": "pdb1",
                    "state": "AVAILABLE",
                    "tde_wallet_password": "",
                    "time_created": "2021-02-11 10:32:01.392 +0000 UTC",
                    "time_stamp_for_point_in_time_recovery": ""
                  }
                ],
                "database_software_image_id": "",
                "db_home_location": "",
                "db_version": "19.9.0.0.0",
                "defined_tags": {},
                "display_name": "rddbhome",
                "freeform_tags": {},
                "id": "ocid1.dbhome.oc1.phx.abyhqljrviqtkwsefute4u5om5tuxrepug4eefupypo2jwskokzjl62pmh2q",
                "last_patch_history_entry_id": "",
                "lifecycle_details": "",
                "state": "AVAILABLE",
                "time_created": "2021-02-11 10:32:01.391 +0000 UTC"
              }
            ],
            "db_system_options": [
              {
                "storage_management": "ASM"
              }
            ],
            "defined_tags": {
              "Oracle-Tags.CreatedBy": "ocid1.instance.oc1.iad.anuwcljtwe6j4fqcwmnpb74fspzkbiwiyc3eldk4ht4cokkcboxzpyv26afa",
              "Oracle-Tags.CreatedOn": "2021-02-11T10:32:00.044Z"
            },
            "disk_redundancy": "HIGH",
            "display_name": "RD-DBS",
            "domain": "sub01161048400.rdphxnetwork.oraclevcn.com",
            "fault_domains": [
              "FAULT-DOMAIN-3"
            ],
            "freeform_tags": {},
            "hostname": "rddbs",
            "id": "ocid1.dbsystem.oc1.phx.abyhqljrqkrzety3tvtpbhzo7mjrafcfln7noj2ozwfgyglnytx4nrs7jzeq",
            "iorm_config_cache": [],
            "kms_key_id": null,
            "kms_key_version_id": null,
            "last_maintenance_run_id": null,
            "last_patch_history_entry_id": null,
            "license_model": "LICENSE_INCLUDED",
            "lifecycle_details": null,
            "listener_port": 1521,
            "maintenance_window": [],
            "maintenance_window_details": [],
            "next_maintenance_run_id": null,
            "node_count": 1,
            "nsg_ids": null,
            "point_in_time_data_disk_clone_timestamp": null,
            "private_ip": null,
            "reco_storage_size_in_gb": 256,
            "scan_dns_record_id": "ocid1.vcndnsrecord.oc1.phx.abyhqljrndmxkoe4tjys73gyfqiozp7gxu5na3g3aem3kaxcsn77ow65ajba",
            "scan_ip_ids": [],
            "shape": "VM.Standard2.4",
            "source": "NONE",
            "source_db_system_id": null,
            "sparse_diskgroup": null,
            "ssh_public_keys": [
              "ssh-rsa AAAAB3NzaC1yc2EAAAADAQABAAABAQC96kMjy8kLiU3PvUqn/PlFpVGq9VyeiFNphp3u3wf+JJUlxlh4USLC8KM2X2ZF5630s3hXoFMC2fE+7GtAAxdCAM0WkekJO0NO59fMMKy2/ZcKMxUANhw3nTo/1HUF5VOrWMOSNaLBP7O3WOq7tfs6vNbyM9wcXQmrOfKS0iKkKe+O5Q1K0RGKpuW48xUmLTCXeaX7t6ovZpXuTKj8QtSxRTuMUolQyJqr05fdux19lt3m9cnzv2TS/cYVCKOjp715A3mONOJi7izkiTQyggEIZpeQ9ohu6yXOzSUUpHifCyPNvjjt92dRR4es2dp9Xjnn09bYSDltMgA8D/vzQckn"
            ],
            "state": "AVAILABLE",
            "subnet_id": "ocid1.subnet.oc1.phx.aaaaaaaaypsgfwx3tnkgweu2e5djazooagapt36pj6hfl7pdhpanaqtw2v4a",
            "time_created": "2021-02-11 10:32:01.388 +0000 UTC",
            "time_zone": "Asia/Calcutta",
            "timeouts": {
              "create": "3h",
              "delete": "2h",
              "update": null
            },
            "version": "19.9.0.0.0",
            "vip_ids": []
          },
          "sensitive_attributes": [],
          "private": "eyJlMmJmYjczMC1lY2FhLTExZTYtOGY4OC0zNDM2M2JjN2M0YzAiOnsiY3JlYXRlIjoxMDgwMDAwMDAwMDAwMCwiZGVsZXRlIjo3MjAwMDAwMDAwMDAwLCJ1cGRhdGUiOjcyMDAwMDAwMDAwMDB9fQ=="
        }
      ]
    }
  ]
}
